
Microsoft Visual Studio Solution File, Format Version 12.00
# Visual Studio Version 16
VisualStudioVersion = 16.0.30503.244
MinimumVisualStudioVersion = 10.0.40219.1
Project("{FAE04EC0-301F-11D3-BF4B-00C04F79EFBC}") = "NorthwindDAC", "NorthwindDAC\NorthwindDAC.csproj", "{710F5800-1005-4BE9-A26A-4E4683C2A8B9}"
EndProject
Project("{FAE04EC0-301F-11D3-BF4B-00C04F79EFBC}") = "NorthwindVO", "NorthwindVO\NorthwindVO.csproj", "{B5F1D188-C317-48D2-9ACD-E2224756ACFC}"
EndProject
Project("{FAE04EC0-301F-11D3-BF4B-00C04F79EFBC}") = "WinNorthwind", "WinNorthwind\WinNorthwind.csproj", "{C02E1A86-09C1-487A-81D1-12AF21AD7ED1}"
EndProject
Global
	GlobalSection(SolutionConfigurationPlatforms) = preSolution
		Debug|Any CPU = Debug|Any CPU
		Release|Any CPU = Release|Any CPU
	EndGlobalSection
	GlobalSection(ProjectConfigurationPlatforms) = postSolution
		{710F5800-1005-4BE9-A26A-4E4683C2A8B9}.Debug|Any CPU.ActiveCfg = Debug|Any CPU
		{710F5800-1005-4BE9-A26A-4E4683C2A8B9}.Debug|Any CPU.Build.0 = Debug|Any CPU
		{710F5800-1005-4BE9-A26A-4E4683C2A8B9}.Release|Any CPU.ActiveCfg = Release|Any CPU
		{710F5800-1005-4BE9-A26A-4E4683C2A8B9}.Release|Any CPU.Build.0 = Release|Any CPU
		{B5F1D188-C317-48D2-9ACD-E2224756ACFC}.Debug|Any CPU.ActiveCfg = Debug|Any CPU
		{B5F1D188-C317-48D2-9ACD-E2224756ACFC}.Debug|Any CPU.Build.0 = Debug|Any CPU
		{B5F1D188-C317-48D2-9ACD-E2224756ACFC}.Release|Any CPU.ActiveCfg = Release|Any CPU
		{B5F1D188-C317-48D2-9ACD-E2224756ACFC}.Release|Any CPU.Build.0 = Release|Any CPU
		{C02E1A86-09C1-487A-81D1-12AF21AD7ED1}.Debug|Any CPU.ActiveCfg = Debug|Any CPU
		{C02E1A86-09C1-487A-81D1-12AF21AD7ED1}.Debug|Any CPU.Build.0 = Debug|Any CPU
		{C02E1A86-09C1-487A-81D1-12AF21AD7ED1}.Release|Any CPU.ActiveCfg = Release|Any CPU
		{C02E1A86-09C1-487A-81D1-12AF21AD7ED1}.Release|Any CPU.Build.0 = Release|Any CPU
	EndGlobalSection
	GlobalSection(SolutionProperties) = preSolution
		HideSolutionNode = FALSE
	EndGlobalSection
	GlobalSection(ExtensibilityGlobals) = postSolution
		SolutionGuid = {E2251900-7BA9-4DB4-9804-FA656AD364D0}
	EndGlobalSection
EndGlobal
